
Microsoft Visual Studio Solution File, Format Version 12.00
# Visual Studio Version 17
VisualStudioVersion = 17.5.33627.172
MinimumVisualStudioVersion = 10.0.40219.1
Project("{9A19103F-16F7-4668-BE54-9A1E7A4F7556}") = "LeetCode", "src\LeetCode.csproj", "{EC0FF74E-2EB8-4938-80DF-DCCE3704E0BE}"
EndProject
Project("{9A19103F-16F7-4668-BE54-9A1E7A4F7556}") = "LeetCodeTest", "test\LeetCodeTest.csproj", "{553F58A2-081D-44DD-A499-2037C827047A}"
EndProject
Global
	GlobalSection(SolutionConfigurationPlatforms) = preSolution
		Debug|Any CPU = Debug|Any CPU
		Release|Any CPU = Release|Any CPU
	EndGlobalSection
	GlobalSection(ProjectConfigurationPlatforms) = postSolution
		{EC0FF74E-2EB8-4938-80DF-DCCE3704E0BE}.Debug|Any CPU.ActiveCfg = Debug|Any CPU
		{EC0FF74E-2EB8-4938-80DF-DCCE3704E0BE}.Debug|Any CPU.Build.0 = Debug|Any CPU
		{EC0FF74E-2EB8-4938-80DF-DCCE3704E0BE}.Release|Any CPU.ActiveCfg = Release|Any CPU
		{EC0FF74E-2EB8-4938-80DF-DCCE3704E0BE}.Release|Any CPU.Build.0 = Release|Any CPU
		{553F58A2-081D-44DD-A499-2037C827047A}.Debug|Any CPU.ActiveCfg = Debug|Any CPU
		{553F58A2-081D-44DD-A499-2037C827047A}.Debug|Any CPU.Build.0 = Debug|Any CPU
		{553F58A2-081D-44DD-A499-2037C827047A}.Release|Any CPU.ActiveCfg = Release|Any CPU
		{553F58A2-081D-44DD-A499-2037C827047A}.Release|Any CPU.Build.0 = Release|Any CPU
	EndGlobalSection
	GlobalSection(SolutionProperties) = preSolution
		HideSolutionNode = FALSE
	EndGlobalSection
	GlobalSection(ExtensibilityGlobals) = postSolution
		SolutionGuid = {7782BF28-8869-4FDF-A88F-66CFF1A51BFC}
	EndGlobalSection
EndGlobal
